// !$*UTF8*$!
{
	archiveVersion = 1;
	classes = {
	};
	objectVersion = 46;
	objects = {

/* Begin PBXBuildFile section */
		002856921E9CC19B00E5A9C0 /* main.m in Sources */ = {isa = PBXBuildFile; fileRef = 002856911E9CC19B00E5A9C0 /* main.m */; };
		002856951E9CC19B00E5A9C0 /* AppDelegate.m in Sources */ = {isa = PBXBuildFile; fileRef = 002856941E9CC19B00E5A9C0 /* AppDelegate.m */; };
		002856981E9CC19B00E5A9C0 /* ViewController.m in Sources */ = {isa = PBXBuildFile; fileRef = 002856971E9CC19B00E5A9C0 /* ViewController.m */; };
		0028569B1E9CC19B00E5A9C0 /* Main.storyboard in Resources */ = {isa = PBXBuildFile; fileRef = 002856991E9CC19B00E5A9C0 /* Main.storyboard */; };
		0028569D1E9CC19B00E5A9C0 /* Assets.xcassets in Resources */ = {isa = PBXBuildFile; fileRef = 0028569C1E9CC19B00E5A9C0 /* Assets.xcassets */; };
		002856A01E9CC19B00E5A9C0 /* LaunchScreen.storyboard in Resources */ = {isa = PBXBuildFile; fileRef = 0028569E1E9CC19B00E5A9C0 /* LaunchScreen.storyboard */; };
		002856A91E9CC32500E5A9C0 /* TabbarViewController.m in Sources */ = {isa = PBXBuildFile; fileRef = 002856A81E9CC32500E5A9C0 /* TabbarViewController.m */; };
		002856B11E9CC40300E5A9C0 /* DredgeAccountViewController.m in Sources */ = {isa = PBXBuildFile; fileRef = 002856B01E9CC40300E5A9C0 /* DredgeAccountViewController.m */; };
		002856B41E9CC41400E5A9C0 /* OrdermanageViewController.m in Sources */ = {isa = PBXBuildFile; fileRef = 002856B31E9CC41400E5A9C0 /* OrdermanageViewController.m */; };
		002856B71E9CC42D00E5A9C0 /* StudentManageViewController.m in Sources */ = {isa = PBXBuildFile; fileRef = 002856B61E9CC42D00E5A9C0 /* StudentManageViewController.m */; };
		002856BB1E9CC43B00E5A9C0 /* MainViewController.m in Sources */ = {isa = PBXBuildFile; fileRef = 002856B91E9CC43B00E5A9C0 /* MainViewController.m */; };
		002856BC1E9CC43B00E5A9C0 /* MainViewController.xib in Resources */ = {isa = PBXBuildFile; fileRef = 002856BA1E9CC43B00E5A9C0 /* MainViewController.xib */; };
		00A41D952161BCEA0029D756 /* test.m in Sources */ = {isa = PBXBuildFile; fileRef = 00A41D942161BCEA0029D756 /* test.m */; };
/* End PBXBuildFile section */

/* Begin PBXFileReference section */
		0028568D1E9CC19B00E5A9C0 /* kjb360.app */ = {isa = PBXFileReference; explicitFileType = wrapper.application; includeInIndex = 0; path = kjb360.app; sourceTree = BUILT_PRODUCTS_DIR; };
		002856911E9CC19B00E5A9C0 /* main.m */ = {isa = PBXFileReference; lastKnownFileType = sourcecode.c.objc; path = main.m; sourceTree = "<group>"; };
		002856931E9CC19B00E5A9C0 /* AppDelegate.h */ = {isa = PBXFileReference; lastKnownFileType = sourcecode.c.h; path = AppDelegate.h; sourceTree = "<group>"; };
		002856941E9CC19B00E5A9C0 /* AppDelegate.m */ = {isa = PBXFileReference; lastKnownFileType = sourcecode.c.objc; path = AppDelegate.m; sourceTree = "<group>"; };
		002856961E9CC19B00E5A9C0 /* ViewController.h */ = {isa = PBXFileReference; lastKnownFileType = sourcecode.c.h; path = ViewController.h; sourceTree = "<group>"; };
		002856971E9CC19B00E5A9C0 /* ViewController.m */ = {isa = PBXFileReference; lastKnownFileType = sourcecode.c.objc; path = ViewController.m; sourceTree = "<group>"; };
		0028569A1E9CC19B00E5A9C0 /* Base */ = {isa = PBXFileReference; lastKnownFileType = file.storyboard; name = Base; path = Base.lproj/Main.storyboard; sourceTree = "<group>"; };
		0028569C1E9CC19B00E5A9C0 /* Assets.xcassets */ = {isa = PBXFileReference; lastKnownFileType = folder.assetcatalog; path = Assets.xcassets; sourceTree = "<group>"; };
		0028569F1E9CC19B00E5A9C0 /* Base */ = {isa = PBXFileReference; lastKnownFileType = file.storyboard; name = Base; path = Base.lproj/LaunchScreen.storyboard; sourceTree = "<group>"; };
		002856A11E9CC19B00E5A9C0 /* Info.plist */ = {isa = PBXFileReference; lastKnownFileType = text.plist.xml; path = Info.plist; sourceTree = "<group>"; };
		002856A71E9CC32500E5A9C0 /* TabbarViewController.h */ = {isa = PBXFileReference; fileEncoding = 4; lastKnownFileType = sourcecode.c.h; path = TabbarViewController.h; sourceTree = "<group>"; };
		002856A81E9CC32500E5A9C0 /* TabbarViewController.m */ = {isa = PBXFileReference; fileEncoding = 4; lastKnownFileType = sourcecode.c.objc; path = TabbarViewController.m; sourceTree = "<group>"; };
		002856AF1E9CC40300E5A9C0 /* DredgeAccountViewController.h */ = {isa = PBXFileReference; fileEncoding = 4; lastKnownFileType = sourcecode.c.h; path = DredgeAccountViewController.h; sourceTree = "<group>"; };
		002856B01E9CC40300E5A9C0 /* DredgeAccountViewController.m */ = {isa = PBXFileReference; fileEncoding = 4; lastKnownFileType = sourcecode.c.objc; path = DredgeAccountViewController.m; sourceTree = "<group>"; };
		002856B21E9CC41400E5A9C0 /* OrdermanageViewController.h */ = {isa = PBXFileReference; fileEncoding = 4; lastKnownFileType = sourcecode.c.h; path = OrdermanageViewController.h; sourceTree = "<group>"; };
		002856B31E9CC41400E5A9C0 /* OrdermanageViewController.m */ = {isa = PBXFileReference; fileEncoding = 4; lastKnownFileType = sourcecode.c.objc; path = OrdermanageViewController.m; sourceTree = "<group>"; };
		002856B51E9CC42D00E5A9C0 /* StudentManageViewController.h */ = {isa = PBXFileReference; fileEncoding = 4; lastKnownFileType = sourcecode.c.h; path = StudentManageViewController.h; sourceTree = "<group>"; };
		002856B61E9CC42D00E5A9C0 /* StudentManageViewController.m */ = {isa = PBXFileReference; fileEncoding = 4; lastKnownFileType = sourcecode.c.objc; path = StudentManageViewController.m; sourceTree = "<group>"; };
		002856B81E9CC43B00E5A9C0 /* MainViewController.h */ = {isa = PBXFileReference; fileEncoding = 4; lastKnownFileType = sourcecode.c.h; path = MainViewController.h; sourceTree = "<group>"; };
		002856B91E9CC43B00E5A9C0 /* MainViewController.m */ = {isa = PBXFileReference; fileEncoding = 4; lastKnownFileType = sourcecode.c.objc; path = MainViewController.m; sourceTree = "<group>"; };
		002856BA1E9CC43B00E5A9C0 /* MainViewController.xib */ = {isa = PBXFileReference; fileEncoding = 4; lastKnownFileType = file.xib; path = MainViewController.xib; sourceTree = "<group>"; };
		00643C881EB1736A00542753 /* NetMacro.h */ = {isa = PBXFileReference; fileEncoding = 4; lastKnownFileType = sourcecode.c.h; path = NetMacro.h; sourceTree = "<group>"; };
		00A41D932161BCEA0029D756 /* test.h */ = {isa = PBXFileReference; lastKnownFileType = sourcecode.c.h; path = test.h; sourceTree = "<group>"; };
		00A41D942161BCEA0029D756 /* test.m */ = {isa = PBXFileReference; lastKnownFileType = sourcecode.c.objc; path = test.m; sourceTree = "<group>"; };
/* End PBXFileReference section */

/* Begin PBXFrameworksBuildPhase section */
		0028568A1E9CC19B00E5A9C0 /* Frameworks */ = {
			isa = PBXFrameworksBuildPhase;
			buildActionMask = 2147483647;
			files = (
			);
			runOnlyForDeploymentPostprocessing = 0;
		};
/* End PBXFrameworksBuildPhase section */

/* Begin PBXGroup section */
		002856841E9CC19A00E5A9C0 = {
			isa = PBXGroup;
			children = (
				0028568F1E9CC19B00E5A9C0 /* kjb360 */,
				0028568E1E9CC19B00E5A9C0 /* Products */,
			);
			sourceTree = "<group>";
		};
		0028568E1E9CC19B00E5A9C0 /* Products */ = {
			isa = PBXGroup;
			children = (
				0028568D1E9CC19B00E5A9C0 /* kjb360.app */,
			);
			name = Products;
			sourceTree = "<group>";
		};
		0028568F1E9CC19B00E5A9C0 /* kjb360 */ = {
			isa = PBXGroup;
			children = (
				002856931E9CC19B00E5A9C0 /* AppDelegate.h */,
				002856941E9CC19B00E5A9C0 /* AppDelegate.m */,
				002856961E9CC19B00E5A9C0 /* ViewController.h */,
				002856971E9CC19B00E5A9C0 /* ViewController.m */,
				002856A71E9CC32500E5A9C0 /* TabbarViewController.h */,
				002856A81E9CC32500E5A9C0 /* TabbarViewController.m */,
				00643C881EB1736A00542753 /* NetMacro.h */,
				002856AA1E9CC33900E5A9C0 /* ViewControllers */,
				002856991E9CC19B00E5A9C0 /* Main.storyboard */,
				0028569C1E9CC19B00E5A9C0 /* Assets.xcassets */,
				0028569E1E9CC19B00E5A9C0 /* LaunchScreen.storyboard */,
				002856A11E9CC19B00E5A9C0 /* Info.plist */,
				002856901E9CC19B00E5A9C0 /* Supporting Files */,
			);
			path = kjb360;
			sourceTree = "<group>";
		};
		002856901E9CC19B00E5A9C0 /* Supporting Files */ = {
			isa = PBXGroup;
			children = (
				002856911E9CC19B00E5A9C0 /* main.m */,
			);
			name = "Supporting Files";
			sourceTree = "<group>";
		};
		002856AA1E9CC33900E5A9C0 /* ViewControllers */ = {
			isa = PBXGroup;
			children = (
				002856AE1E9CC35200E5A9C0 /* DredgeAccountViewController */,
				002856AD1E9CC34F00E5A9C0 /* OrderManageViewController */,
				002856AC1E9CC34E00E5A9C0 /* StudentsManageViewController */,
				002856AB1E9CC34B00E5A9C0 /* MainViewController */,
			);
			name = ViewControllers;
			sourceTree = "<group>";
		};
		002856AB1E9CC34B00E5A9C0 /* MainViewController */ = {
			isa = PBXGroup;
			children = (
				002856B81E9CC43B00E5A9C0 /* MainViewController.h */,
				002856B91E9CC43B00E5A9C0 /* MainViewController.m */,
				002856BA1E9CC43B00E5A9C0 /* MainViewController.xib */,
			);
			name = MainViewController;
			sourceTree = "<group>";
		};
		002856AC1E9CC34E00E5A9C0 /* StudentsManageViewController */ = {
			isa = PBXGroup;
			children = (
				002856B51E9CC42D00E5A9C0 /* StudentManageViewController.h */,
				002856B61E9CC42D00E5A9C0 /* StudentManageViewController.m */,
			);
			name = StudentsManageViewController;
			sourceTree = "<group>";
		};
		002856AD1E9CC34F00E5A9C0 /* OrderManageViewController */ = {
			isa = PBXGroup;
			children = (
				002856B21E9CC41400E5A9C0 /* OrdermanageViewController.h */,
				002856B31E9CC41400E5A9C0 /* OrdermanageViewController.m */,
			);
			name = OrderManageViewController;
			sourceTree = "<group>";
		};
		002856AE1E9CC35200E5A9C0 /* DredgeAccountViewController */ = {
			isa = PBXGroup;
			children = (
				002856AF1E9CC40300E5A9C0 /* DredgeAccountViewController.h */,
				002856B01E9CC40300E5A9C0 /* DredgeAccountViewController.m */,
				00A41D932161BCEA0029D756 /* test.h */,
				00A41D942161BCEA0029D756 /* test.m */,
			);
			name = DredgeAccountViewController;
			sourceTree = "<group>";
		};
/* End PBXGroup section */

/* Begin PBXNativeTarget section */
		0028568C1E9CC19B00E5A9C0 /* kjb360 */ = {
			isa = PBXNativeTarget;
			buildConfigurationList = 002856A41E9CC19B00E5A9C0 /* Build configuration list for PBXNativeTarget "kjb360" */;
			buildPhases = (
				002856891E9CC19B00E5A9C0 /* Sources */,
				0028568A1E9CC19B00E5A9C0 /* Frameworks */,
				0028568B1E9CC19B00E5A9C0 /* Resources */,
			);
			buildRules = (
			);
			dependencies = (
			);
			name = kjb360;
			productName = kjb360;
			productReference = 0028568D1E9CC19B00E5A9C0 /* kjb360.app */;
			productType = "com.apple.product-type.application";
		};
/* End PBXNativeTarget section */

/* Begin PBXProject section */
		002856851E9CC19A00E5A9C0 /* Project object */ = {
			isa = PBXProject;
			attributes = {
				LastUpgradeCheck = 0820;
				ORGANIZATIONNAME = ytx;
				TargetAttributes = {
					0028568C1E9CC19B00E5A9C0 = {
						CreatedOnToolsVersion = 8.2.1;
						DevelopmentTeam = UZ59BF8BB7;
						ProvisioningStyle = Automatic;
					};
				};
			};
			buildConfigurationList = 002856881E9CC19A00E5A9C0 /* Build configuration list for PBXProject "kjb360" */;
			compatibilityVersion = "Xcode 3.2";
			developmentRegion = English;
			hasScannedForEncodings = 0;
			knownRegions = (
				en,
				Base,
			);
			mainGroup = 002856841E9CC19A00E5A9C0;
			productRefGroup = 0028568E1E9CC19B00E5A9C0 /* Products */;
			projectDirPath = "";
			projectRoot = "";
			targets = (
				0028568C1E9CC19B00E5A9C0 /* kjb360 */,
			);
		};
/* End PBXProject section */

/* Begin PBXResourcesBuildPhase section */
		0028568B1E9CC19B00E5A9C0 /* Resources */ = {
			isa = PBXResourcesBuildPhase;
			buildActionMask = 2147483647;
			files = (
				002856A01E9CC19B00E5A9C0 /* LaunchScreen.storyboard in Resources */,
				0028569D1E9CC19B00E5A9C0 /* Assets.xcassets in Resources */,
				0028569B1E9CC19B00E5A9C0 /* Main.storyboard in Resources */,
				002856BC1E9CC43B00E5A9C0 /* MainViewController.xib in Resources */,
			);
			runOnlyForDeploymentPostprocessing = 0;
		};
/* End PBXResourcesBuildPhase section */

/* Begin PBXSourcesBuildPhase section */
		002856891E9CC19B00E5A9C0 /* Sources */ = {
			isa = PBXSourcesBuildPhase;
			buildActionMask = 2147483647;
			files = (
				002856B41E9CC41400E5A9C0 /* OrdermanageViewController.m in Sources */,
				002856A91E9CC32500E5A9C0 /* TabbarViewController.m in Sources */,
				002856B71E9CC42D00E5A9C0 /* StudentManageViewController.m in Sources */,
				002856BB1E9CC43B00E5A9C0 /* MainViewController.m in Sources */,
				002856981E9CC19B00E5A9C0 /* ViewController.m in Sources */,
				00A41D952161BCEA0029D756 /* test.m in Sources */,
				002856951E9CC19B00E5A9C0 /* AppDelegate.m in Sources */,
				002856921E9CC19B00E5A9C0 /* main.m in Sources */,
				002856B11E9CC40300E5A9C0 /* DredgeAccountViewController.m in Sources */,
			);
			runOnlyForDeploymentPostprocessing = 0;
		};
/* End PBXSourcesBuildPhase section */

/* Begin PBXVariantGroup section */
		002856991E9CC19B00E5A9C0 /* Main.storyboard */ = {
			isa = PBXVariantGroup;
			children = (
				0028569A1E9CC19B00E5A9C0 /* Base */,
			);
			name = Main.storyboard;
			sourceTree = "<group>";
		};
		0028569E1E9CC19B00E5A9C0 /* LaunchScreen.storyboard */ = {
			isa = PBXVariantGroup;
			children = (
				0028569F1E9CC19B00E5A9C0 /* Base */,
			);
			name = LaunchScreen.storyboard;
			sourceTree = "<group>";
		};
/* End PBXVariantGroup section */

/* Begin XCBuildConfiguration section */
		002856A21E9CC19B00E5A9C0 /* Debug */ = {
			isa = XCBuildConfiguration;
			buildSettings = {
				ALWAYS_SEARCH_USER_PATHS = NO;
				CLANG_ANALYZER_NONNULL = YES;
				CLANG_CXX_LANGUAGE_STANDARD = "gnu++0x";
				CLANG_CXX_LIBRARY = "libc++";
				CLANG_ENABLE_MODULES = YES;
				CLANG_ENABLE_OBJC_ARC = YES;
				CLANG_WARN_BOOL_CONVERSION = YES;
				CLANG_WARN_CONSTANT_CONVERSION = YES;
				CLANG_WARN_DIRECT_OBJC_ISA_USAGE = YES_ERROR;
				CLANG_WARN_DOCUMENTATION_COMMENTS = YES;
				CLANG_WARN_EMPTY_BODY = YES;
				CLANG_WARN_ENUM_CONVERSION = YES;
				CLANG_WARN_INFINITE_RECURSION = YES;
				CLANG_WARN_INT_CONVERSION = YES;
				CLANG_WARN_OBJC_ROOT_CLASS = YES_ERROR;
				CLANG_WARN_SUSPICIOUS_MOVE = YES;
				CLANG_WARN_UNREACHABLE_CODE = YES;
				CLANG_WARN__DUPLICATE_METHOD_MATCH = YES;
				"CODE_SIGN_IDENTITY[sdk=iphoneos*]" = "iPhone Developer";
				COPY_PHASE_STRIP = NO;
				DEBUG_INFORMATION_FORMAT = dwarf;
				ENABLE_STRICT_OBJC_MSGSEND = YES;
				ENABLE_TESTABILITY = YES;
				GCC_C_LANGUAGE_STANDARD = gnu99;
				GCC_DYNAMIC_NO_PIC = NO;
				GCC_NO_COMMON_BLOCKS = YES;
				GCC_OPTIMIZATION_LEVEL = 0;
				GCC_PREPROCESSOR_DEFINITIONS = (
					"DEBUG=1",
					"$(inherited)",
				);
				GCC_WARN_64_TO_32_BIT_CONVERSION = YES;
				GCC_WARN_ABOUT_RETURN_TYPE = YES_ERROR;
				GCC_WARN_UNDECLARED_SELECTOR = YES;
				GCC_WARN_UNINITIALIZED_AUTOS = YES_AGGRESSIVE;
				GCC_WARN_UNUSED_FUNCTION = YES;
				GCC_WARN_UNUSED_VARIABLE = YES;
				IPHONEOS_DEPLOYMENT_TARGET = 10.2;
				MTL_ENABLE_DEBUG_INFO = YES;
				ONLY_ACTIVE_ARCH = YES;
				SDKROOT = iphoneos;
				TARGETED_DEVICE_FAMILY = "1,2";
			};
			name = Debug;
		};
		002856A31E9CC19B00E5A9C0 /* Release */ = {
			isa = XCBuildConfiguration;
			buildSettings = {
				ALWAYS_SEARCH_USER_PATHS = NO;
				CLANG_ANALYZER_NONNULL = YES;
				CLANG_CXX_LANGUAGE_STANDARD = "gnu++0x";
				CLANG_CXX_LIBRARY = "libc++";
				CLANG_ENABLE_MODULES = YES;
				CLANG_ENABLE_OBJC_ARC = YES;
				CLANG_WARN_BOOL_CONVERSION = YES;
				CLANG_WARN_CONSTANT_CONVERSION = YES;
				CLANG_WARN_DIRECT_OBJC_ISA_USAGE = YES_ERROR;
				CLANG_WARN_DOCUMENTATION_COMMENTS = YES;
				CLANG_WARN_EMPTY_BODY = YES;
				CLANG_WARN_ENUM_CONVERSION = YES;
				CLANG_WARN_INFINITE_RECURSION = YES;
				CLANG_WARN_INT_CONVERSION = YES;
				CLANG_WARN_OBJC_ROOT_CLASS = YES_ERROR;
				CLANG_WARN_SUSPICIOUS_MOVE = YES;
				CLANG_WARN_UNREACHABLE_CODE = YES;
				CLANG_WARN__DUPLICATE_METHOD_MATCH = YES;
				"CODE_SIGN_IDENTITY[sdk=iphoneos*]" = "iPhone Developer";
				COPY_PHASE_STRIP = NO;
				DEBUG_INFORMATION_FORMAT = "dwarf-with-dsym";
				ENABLE_NS_ASSERTIONS = NO;
				ENABLE_STRICT_OBJC_MSGSEND = YES;
				GCC_C_LANGUAGE_STANDARD = gnu99;
				GCC_NO_COMMON_BLOCKS = YES;
				GCC_WARN_64_TO_32_BIT_CONVERSION = YES;
				GCC_WARN_ABOUT_RETURN_TYPE = YES_ERROR;
				GCC_WARN_UNDECLARED_SELECTOR = YES;
				GCC_WARN_UNINITIALIZED_AUTOS = YES_AGGRESSIVE;
				GCC_WARN_UNUSED_FUNCTION = YES;
				GCC_WARN_UNUSED_VARIABLE = YES;
				IPHONEOS_DEPLOYMENT_TARGET = 10.2;
				MTL_ENABLE_DEBUG_INFO = NO;
				SDKROOT = iphoneos;
				TARGETED_DEVICE_FAMILY = "1,2";
				VALIDATE_PRODUCT = YES;
			};
			name = Release;
		};
		002856A51E9CC19B00E5A9C0 /* Debug */ = {
			isa = XCBuildConfiguration;
			buildSettings = {
				ASSETCATALOG_COMPILER_APPICON_NAME = AppIcon;
				"CODE_SIGN_IDENTITY[sdk=iphoneos*]" = "iPhone Developer";
				DEVELOPMENT_TEAM = UZ59BF8BB7;
				INFOPLIST_FILE = kjb360/Info.plist;
				LD_RUNPATH_SEARCH_PATHS = "$(inherited) @executable_path/Frameworks";
				PRODUCT_BUNDLE_IDENTIFIER = com.mcb.kjb360;
				PRODUCT_NAME = "$(TARGET_NAME)";
			};
			name = Debug;
		};
		002856A61E9CC19B00E5A9C0 /* Release */ = {
			isa = XCBuildConfiguration;
			buildSettings = {
				ASSETCATALOG_COMPILER_APPICON_NAME = AppIcon;
				"CODE_SIGN_IDENTITY[sdk=iphoneos*]" = "iPhone Developer";
				DEVELOPMENT_TEAM = UZ59BF8BB7;
				INFOPLIST_FILE = kjb360/Info.plist;
				LD_RUNPATH_SEARCH_PATHS = "$(inherited) @executable_path/Frameworks";
				PRODUCT_BUNDLE_IDENTIFIER = com.mcb.kjb360;
				PRODUCT_NAME = "$(TARGET_NAME)";
			};
			name = Release;
		};
/* End XCBuildConfiguration section */

/* Begin XCConfigurationList section */
		002856881E9CC19A00E5A9C0 /* Build configuration list for PBXProject "kjb360" */ = {
			isa = XCConfigurationList;
			buildConfigurations = (
				002856A21E9CC19B00E5A9C0 /* Debug */,
				002856A31E9CC19B00E5A9C0 /* Release */,
			);
			defaultConfigurationIsVisible = 0;
			defaultConfigurationName = Release;
		};
		002856A41E9CC19B00E5A9C0 /* Build configuration list for PBXNativeTarget "kjb360" */ = {
			isa = XCConfigurationList;
			buildConfigurations = (
				002856A51E9CC19B00E5A9C0 /* Debug */,
				002856A61E9CC19B00E5A9C0 /* Release */,
			);
			defaultConfigurationIsVisible = 0;
			defaultConfigurationName = Release;
		};
/* End XCConfigurationList section */
	};
	rootObject = 002856851E9CC19A00E5A9C0 /* Project object */;
}
